// !$*UTF8*$!
{
	archiveVersion = 1;
	classes = {
	};
	objectVersion = 50;
	objects = {

/* Begin PBXBuildFile section */
		1C9C5B7E5E18EDB980D273C1 /* Pods_Stocks.framework in Frameworks */ = {isa = PBXBuildFile; fileRef = 90528DE2084F9AC5607E4026 /* Pods_Stocks.framework */; };
		8D09ECDC20A2AF820075D0D9 /* AppDelegate.swift in Sources */ = {isa = PBXBuildFile; fileRef = 8D09ECDB20A2AF820075D0D9 /* AppDelegate.swift */; };
		8D09ECE120A2AF820075D0D9 /* Main.storyboard in Resources */ = {isa = PBXBuildFile; fileRef = 8D09ECDF20A2AF820075D0D9 /* Main.storyboard */; };
		8D09ECE320A2AF840075D0D9 /* Assets.xcassets in Resources */ = {isa = PBXBuildFile; fileRef = 8D09ECE220A2AF840075D0D9 /* Assets.xcassets */; };
		8D09ECE620A2AF840075D0D9 /* LaunchScreen.storyboard in Resources */ = {isa = PBXBuildFile; fileRef = 8D09ECE420A2AF840075D0D9 /* LaunchScreen.storyboard */; };
		8D09ECF120A2AF840075D0D9 /* StocksTests.swift in Sources */ = {isa = PBXBuildFile; fileRef = 8D09ECF020A2AF840075D0D9 /* StocksTests.swift */; };
		8D09ECFD20A2B6370075D0D9 /* MainTableViewCell.swift in Sources */ = {isa = PBXBuildFile; fileRef = 8D09ECFC20A2B6360075D0D9 /* MainTableViewCell.swift */; };
		8D09ECFF20A2B6570075D0D9 /* MainTableViewController.swift in Sources */ = {isa = PBXBuildFile; fileRef = 8D09ECFE20A2B6570075D0D9 /* MainTableViewController.swift */; };
		8D09ED0220A2B6D00075D0D9 /* Currency.swift in Sources */ = {isa = PBXBuildFile; fileRef = 8D09ED0120A2B6D00075D0D9 /* Currency.swift */; };
		8D09ED0720A2EAE50075D0D9 /* CurrencyService.swift in Sources */ = {isa = PBXBuildFile; fileRef = 8D09ED0620A2EAE50075D0D9 /* CurrencyService.swift */; };
		DA0ABCB454FB40F1602B492A /* Pods_StocksTests.framework in Frameworks */ = {isa = PBXBuildFile; fileRef = 070377E0CAF34DBD60ED72A1 /* Pods_StocksTests.framework */; };
/* End PBXBuildFile section */

/* Begin PBXContainerItemProxy section */
		8D09ECED20A2AF840075D0D9 /* PBXContainerItemProxy */ = {
			isa = PBXContainerItemProxy;
			containerPortal = 8D09ECD020A2AF820075D0D9 /* Project object */;
			proxyType = 1;
			remoteGlobalIDString = 8D09ECD720A2AF820075D0D9;
			remoteInfo = Stocks;
		};
/* End PBXContainerItemProxy section */

/* Begin PBXFileReference section */
		070377E0CAF34DBD60ED72A1 /* Pods_StocksTests.framework */ = {isa = PBXFileReference; explicitFileType = wrapper.framework; includeInIndex = 0; path = Pods_StocksTests.framework; sourceTree = BUILT_PRODUCTS_DIR; };
		174D416D08B51F9377FBE741 /* Pods-StocksTests.debug.xcconfig */ = {isa = PBXFileReference; includeInIndex = 1; lastKnownFileType = text.xcconfig; name = "Pods-StocksTests.debug.xcconfig"; path = "Pods/Target Support Files/Pods-StocksTests/Pods-StocksTests.debug.xcconfig"; sourceTree = "<group>"; };
		8A009C52D4BFF3DC9FEBDFB9 /* Pods-StocksTests.release.xcconfig */ = {isa = PBXFileReference; includeInIndex = 1; lastKnownFileType = text.xcconfig; name = "Pods-StocksTests.release.xcconfig"; path = "Pods/Target Support Files/Pods-StocksTests/Pods-StocksTests.release.xcconfig"; sourceTree = "<group>"; };
		8D09ECD820A2AF820075D0D9 /* Stocks.app */ = {isa = PBXFileReference; explicitFileType = wrapper.application; includeInIndex = 0; path = Stocks.app; sourceTree = BUILT_PRODUCTS_DIR; };
		8D09ECDB20A2AF820075D0D9 /* AppDelegate.swift */ = {isa = PBXFileReference; lastKnownFileType = sourcecode.swift; path = AppDelegate.swift; sourceTree = "<group>"; };
		8D09ECE020A2AF820075D0D9 /* Base */ = {isa = PBXFileReference; lastKnownFileType = file.storyboard; name = Base; path = Base.lproj/Main.storyboard; sourceTree = "<group>"; };
		8D09ECE220A2AF840075D0D9 /* Assets.xcassets */ = {isa = PBXFileReference; lastKnownFileType = folder.assetcatalog; path = Assets.xcassets; sourceTree = "<group>"; };
		8D09ECE520A2AF840075D0D9 /* Base */ = {isa = PBXFileReference; lastKnownFileType = file.storyboard; name = Base; path = Base.lproj/LaunchScreen.storyboard; sourceTree = "<group>"; };
		8D09ECE720A2AF840075D0D9 /* Info.plist */ = {isa = PBXFileReference; lastKnownFileType = text.plist.xml; path = Info.plist; sourceTree = "<group>"; };
		8D09ECEC20A2AF840075D0D9 /* StocksTests.xctest */ = {isa = PBXFileReference; explicitFileType = wrapper.cfbundle; includeInIndex = 0; path = StocksTests.xctest; sourceTree = BUILT_PRODUCTS_DIR; };
		8D09ECF020A2AF840075D0D9 /* StocksTests.swift */ = {isa = PBXFileReference; lastKnownFileType = sourcecode.swift; path = StocksTests.swift; sourceTree = "<group>"; };
		8D09ECF220A2AF840075D0D9 /* Info.plist */ = {isa = PBXFileReference; lastKnownFileType = text.plist.xml; path = Info.plist; sourceTree = "<group>"; };
		8D09ECFC20A2B6360075D0D9 /* MainTableViewCell.swift */ = {isa = PBXFileReference; lastKnownFileType = sourcecode.swift; path = MainTableViewCell.swift; sourceTree = "<group>"; };
		8D09ECFE20A2B6570075D0D9 /* MainTableViewController.swift */ = {isa = PBXFileReference; lastKnownFileType = sourcecode.swift; path = MainTableViewController.swift; sourceTree = "<group>"; };
		8D09ED0120A2B6D00075D0D9 /* Currency.swift */ = {isa = PBXFileReference; lastKnownFileType = sourcecode.swift; path = Currency.swift; sourceTree = "<group>"; };
		8D09ED0620A2EAE50075D0D9 /* CurrencyService.swift */ = {isa = PBXFileReference; lastKnownFileType = sourcecode.swift; path = CurrencyService.swift; sourceTree = "<group>"; };
		90528DE2084F9AC5607E4026 /* Pods_Stocks.framework */ = {isa = PBXFileReference; explicitFileType = wrapper.framework; includeInIndex = 0; path = Pods_Stocks.framework; sourceTree = BUILT_PRODUCTS_DIR; };
		AC9D21EF2876A08BFE093AF8 /* Pods-Stocks.debug.xcconfig */ = {isa = PBXFileReference; includeInIndex = 1; lastKnownFileType = text.xcconfig; name = "Pods-Stocks.debug.xcconfig"; path = "Pods/Target Support Files/Pods-Stocks/Pods-Stocks.debug.xcconfig"; sourceTree = "<group>"; };
		B099547AA6C113A020ED2BCF /* Pods-Stocks.release.xcconfig */ = {isa = PBXFileReference; includeInIndex = 1; lastKnownFileType = text.xcconfig; name = "Pods-Stocks.release.xcconfig"; path = "Pods/Target Support Files/Pods-Stocks/Pods-Stocks.release.xcconfig"; sourceTree = "<group>"; };
/* End PBXFileReference section */

/* Begin PBXFrameworksBuildPhase section */
		8D09ECD520A2AF820075D0D9 /* Frameworks */ = {
			isa = PBXFrameworksBuildPhase;
			buildActionMask = 2147483647;
			files = (
				1C9C5B7E5E18EDB980D273C1 /* Pods_Stocks.framework in Frameworks */,
			);
			runOnlyForDeploymentPostprocessing = 0;
		};
		8D09ECE920A2AF840075D0D9 /* Frameworks */ = {
			isa = PBXFrameworksBuildPhase;
			buildActionMask = 2147483647;
			files = (
				DA0ABCB454FB40F1602B492A /* Pods_StocksTests.framework in Frameworks */,
			);
			runOnlyForDeploymentPostprocessing = 0;
		};
/* End PBXFrameworksBuildPhase section */

/* Begin PBXGroup section */
		1624BDA171DD028E87529D46 /* Frameworks */ = {
			isa = PBXGroup;
			children = (
				90528DE2084F9AC5607E4026 /* Pods_Stocks.framework */,
				070377E0CAF34DBD60ED72A1 /* Pods_StocksTests.framework */,
			);
			name = Frameworks;
			sourceTree = "<group>";
		};
		8C65CF14F7FE0D501BF05284 /* Pods */ = {
			isa = PBXGroup;
			children = (
				AC9D21EF2876A08BFE093AF8 /* Pods-Stocks.debug.xcconfig */,
				B099547AA6C113A020ED2BCF /* Pods-Stocks.release.xcconfig */,
				174D416D08B51F9377FBE741 /* Pods-StocksTests.debug.xcconfig */,
				8A009C52D4BFF3DC9FEBDFB9 /* Pods-StocksTests.release.xcconfig */,
			);
			name = Pods;
			sourceTree = "<group>";
		};
		8D09ECCF20A2AF820075D0D9 = {
			isa = PBXGroup;
			children = (
				8D09ECDA20A2AF820075D0D9 /* Stocks */,
				8D09ECEF20A2AF840075D0D9 /* StocksTests */,
				8D09ECD920A2AF820075D0D9 /* Products */,
				8C65CF14F7FE0D501BF05284 /* Pods */,
				1624BDA171DD028E87529D46 /* Frameworks */,
			);
			sourceTree = "<group>";
		};
		8D09ECD920A2AF820075D0D9 /* Products */ = {
			isa = PBXGroup;
			children = (
				8D09ECD820A2AF820075D0D9 /* Stocks.app */,
				8D09ECEC20A2AF840075D0D9 /* StocksTests.xctest */,
			);
			name = Products;
			sourceTree = "<group>";
		};
		8D09ECDA20A2AF820075D0D9 /* Stocks */ = {
			isa = PBXGroup;
			children = (
				8D09ED0320A2D6E10075D0D9 /* Services */,
				8D09ED0020A2B6B00075D0D9 /* Models */,
				8D09ECFB20A2AFC10075D0D9 /* Main */,
				8D09ECDB20A2AF820075D0D9 /* AppDelegate.swift */,
				8D09ECE220A2AF840075D0D9 /* Assets.xcassets */,
				8D09ECE420A2AF840075D0D9 /* LaunchScreen.storyboard */,
				8D09ECE720A2AF840075D0D9 /* Info.plist */,
			);
			path = Stocks;
			sourceTree = "<group>";
		};
		8D09ECEF20A2AF840075D0D9 /* StocksTests */ = {
			isa = PBXGroup;
			children = (
				8D09ECF020A2AF840075D0D9 /* StocksTests.swift */,
				8D09ECF220A2AF840075D0D9 /* Info.plist */,
			);
			path = StocksTests;
			sourceTree = "<group>";
		};
		8D09ECFB20A2AFC10075D0D9 /* Main */ = {
			isa = PBXGroup;
			children = (
				8D09ECFE20A2B6570075D0D9 /* MainTableViewController.swift */,
				8D09ECFC20A2B6360075D0D9 /* MainTableViewCell.swift */,
				8D09ECDF20A2AF820075D0D9 /* Main.storyboard */,
			);
			path = Main;
			sourceTree = "<group>";
		};
		8D09ED0020A2B6B00075D0D9 /* Models */ = {
			isa = PBXGroup;
			children = (
				8D09ED0120A2B6D00075D0D9 /* Currency.swift */,
			);
			path = Models;
			sourceTree = "<group>";
		};
		8D09ED0320A2D6E10075D0D9 /* Services */ = {
			isa = PBXGroup;
			children = (
				8D09ED0620A2EAE50075D0D9 /* CurrencyService.swift */,
			);
			path = Services;
			sourceTree = "<group>";
		};
/* End PBXGroup section */

/* Begin PBXNativeTarget section */
		8D09ECD720A2AF820075D0D9 /* Stocks */ = {
			isa = PBXNativeTarget;
			buildConfigurationList = 8D09ECF520A2AF840075D0D9 /* Build configuration list for PBXNativeTarget "Stocks" */;
			buildPhases = (
				C1DE50F18CDEC569133EC022 /* [CP] Check Pods Manifest.lock */,
				8D09ECD420A2AF820075D0D9 /* Sources */,
				8D09ECD520A2AF820075D0D9 /* Frameworks */,
				8D09ECD620A2AF820075D0D9 /* Resources */,
				E119243296BD9D9DA108E2D4 /* [CP] Embed Pods Frameworks */,
			);
			buildRules = (
			);
			dependencies = (
			);
			name = Stocks;
			productName = Stocks;
			productReference = 8D09ECD820A2AF820075D0D9 /* Stocks.app */;
			productType = "com.apple.product-type.application";
		};
		8D09ECEB20A2AF840075D0D9 /* StocksTests */ = {
			isa = PBXNativeTarget;
			buildConfigurationList = 8D09ECF820A2AF840075D0D9 /* Build configuration list for PBXNativeTarget "StocksTests" */;
			buildPhases = (
				E58DD5BD41CDC10F6F2AE079 /* [CP] Check Pods Manifest.lock */,
				8D09ECE820A2AF840075D0D9 /* Sources */,
				8D09ECE920A2AF840075D0D9 /* Frameworks */,
				8D09ECEA20A2AF840075D0D9 /* Resources */,
			);
			buildRules = (
			);
			dependencies = (
				8D09ECEE20A2AF840075D0D9 /* PBXTargetDependency */,
			);
			name = StocksTests;
			productName = StocksTests;
			productReference = 8D09ECEC20A2AF840075D0D9 /* StocksTests.xctest */;
			productType = "com.apple.product-type.bundle.unit-test";
		};
/* End PBXNativeTarget section */

/* Begin PBXProject section */
		8D09ECD020A2AF820075D0D9 /* Project object */ = {
			isa = PBXProject;
			attributes = {
				LastSwiftUpdateCheck = 0930;
				LastUpgradeCheck = 0930;
				ORGANIZATIONNAME = "dns user";
				TargetAttributes = {
					8D09ECD720A2AF820075D0D9 = {
						CreatedOnToolsVersion = 9.3;
					};
					8D09ECEB20A2AF840075D0D9 = {
						CreatedOnToolsVersion = 9.3;
						TestTargetID = 8D09ECD720A2AF820075D0D9;
					};
				};
			};
			buildConfigurationList = 8D09ECD320A2AF820075D0D9 /* Build configuration list for PBXProject "Stocks" */;
			compatibilityVersion = "Xcode 9.3";
			developmentRegion = en;
			hasScannedForEncodings = 0;
			knownRegions = (
				en,
				Base,
			);
			mainGroup = 8D09ECCF20A2AF820075D0D9;
			productRefGroup = 8D09ECD920A2AF820075D0D9 /* Products */;
			projectDirPath = "";
			projectRoot = "";
			targets = (
				8D09ECD720A2AF820075D0D9 /* Stocks */,
				8D09ECEB20A2AF840075D0D9 /* StocksTests */,
			);
		};
/* End PBXProject section */

/* Begin PBXResourcesBuildPhase section */
		8D09ECD620A2AF820075D0D9 /* Resources */ = {
			isa = PBXResourcesBuildPhase;
			buildActionMask = 2147483647;
			files = (
				8D09ECE620A2AF840075D0D9 /* LaunchScreen.storyboard in Resources */,
				8D09ECE320A2AF840075D0D9 /* Assets.xcassets in Resources */,
				8D09ECE120A2AF820075D0D9 /* Main.storyboard in Resources */,
			);
			runOnlyForDeploymentPostprocessing = 0;
		};
		8D09ECEA20A2AF840075D0D9 /* Resources */ = {
			isa = PBXResourcesBuildPhase;
			buildActionMask = 2147483647;
			files = (
			);
			runOnlyForDeploymentPostprocessing = 0;
		};
/* End PBXResourcesBuildPhase section */

/* Begin PBXShellScriptBuildPhase section */
		C1DE50F18CDEC569133EC022 /* [CP] Check Pods Manifest.lock */ = {
			isa = PBXShellScriptBuildPhase;
			buildActionMask = 2147483647;
			files = (
			);
			inputPaths = (
				"${PODS_PODFILE_DIR_PATH}/Podfile.lock",
				"${PODS_ROOT}/Manifest.lock",
			);
			name = "[CP] Check Pods Manifest.lock";
			outputPaths = (
				"$(DERIVED_FILE_DIR)/Pods-Stocks-checkManifestLockResult.txt",
			);
			runOnlyForDeploymentPostprocessing = 0;
			shellPath = /bin/sh;
			shellScript = "diff \"${PODS_PODFILE_DIR_PATH}/Podfile.lock\" \"${PODS_ROOT}/Manifest.lock\" > /dev/null\nif [ $? != 0 ] ; then\n    # print error to STDERR\n    echo \"error: The sandbox is not in sync with the Podfile.lock. Run 'pod install' or update your CocoaPods installation.\" >&2\n    exit 1\nfi\n# This output is used by Xcode 'outputs' to avoid re-running this script phase.\necho \"SUCCESS\" > \"${SCRIPT_OUTPUT_FILE_0}\"\n";
			showEnvVarsInLog = 0;
		};
		E119243296BD9D9DA108E2D4 /* [CP] Embed Pods Frameworks */ = {
			isa = PBXShellScriptBuildPhase;
			buildActionMask = 2147483647;
			files = (
			);
			inputPaths = (
				"${SRCROOT}/Pods/Target Support Files/Pods-Stocks/Pods-Stocks-frameworks.sh",
				"${BUILT_PRODUCTS_DIR}/Alamofire/Alamofire.framework",
				"${BUILT_PRODUCTS_DIR}/CodableAlamofire/CodableAlamofire.framework",
			);
			name = "[CP] Embed Pods Frameworks";
			outputPaths = (
				"${TARGET_BUILD_DIR}/${FRAMEWORKS_FOLDER_PATH}/Alamofire.framework",
				"${TARGET_BUILD_DIR}/${FRAMEWORKS_FOLDER_PATH}/CodableAlamofire.framework",
			);
			runOnlyForDeploymentPostprocessing = 0;
			shellPath = /bin/sh;
			shellScript = "\"${SRCROOT}/Pods/Target Support Files/Pods-Stocks/Pods-Stocks-frameworks.sh\"\n";
			showEnvVarsInLog = 0;
		};
		E58DD5BD41CDC10F6F2AE079 /* [CP] Check Pods Manifest.lock */ = {
			isa = PBXShellScriptBuildPhase;
			buildActionMask = 2147483647;
			files = (
			);
			inputPaths = (
				"${PODS_PODFILE_DIR_PATH}/Podfile.lock",
				"${PODS_ROOT}/Manifest.lock",
			);
			name = "[CP] Check Pods Manifest.lock";
			outputPaths = (
				"$(DERIVED_FILE_DIR)/Pods-StocksTests-checkManifestLockResult.txt",
			);
			runOnlyForDeploymentPostprocessing = 0;
			shellPath = /bin/sh;
			shellScript = "diff \"${PODS_PODFILE_DIR_PATH}/Podfile.lock\" \"${PODS_ROOT}/Manifest.lock\" > /dev/null\nif [ $? != 0 ] ; then\n    # print error to STDERR\n    echo \"error: The sandbox is not in sync with the Podfile.lock. Run 'pod install' or update your CocoaPods installation.\" >&2\n    exit 1\nfi\n# This output is used by Xcode 'outputs' to avoid re-running this script phase.\necho \"SUCCESS\" > \"${SCRIPT_OUTPUT_FILE_0}\"\n";
			showEnvVarsInLog = 0;
		};
/* End PBXShellScriptBuildPhase section */

/* Begin PBXSourcesBuildPhase section */
		8D09ECD420A2AF820075D0D9 /* Sources */ = {
			isa = PBXSourcesBuildPhase;
			buildActionMask = 2147483647;
			files = (
				8D09ECFF20A2B6570075D0D9 /* MainTableViewController.swift in Sources */,
				8D09ED0220A2B6D00075D0D9 /* Currency.swift in Sources */,
				8D09ED0720A2EAE50075D0D9 /* CurrencyService.swift in Sources */,
				8D09ECFD20A2B6370075D0D9 /* MainTableViewCell.swift in Sources */,
				8D09ECDC20A2AF820075D0D9 /* AppDelegate.swift in Sources */,
			);
			runOnlyForDeploymentPostprocessing = 0;
		};
		8D09ECE820A2AF840075D0D9 /* Sources */ = {
			isa = PBXSourcesBuildPhase;
			buildActionMask = 2147483647;
			files = (
				8D09ECF120A2AF840075D0D9 /* StocksTests.swift in Sources */,
			);
			runOnlyForDeploymentPostprocessing = 0;
		};
/* End PBXSourcesBuildPhase section */

/* Begin PBXTargetDependency section */
		8D09ECEE20A2AF840075D0D9 /* PBXTargetDependency */ = {
			isa = PBXTargetDependency;
			target = 8D09ECD720A2AF820075D0D9 /* Stocks */;
			targetProxy = 8D09ECED20A2AF840075D0D9 /* PBXContainerItemProxy */;
		};
/* End PBXTargetDependency section */

/* Begin PBXVariantGroup section */
		8D09ECDF20A2AF820075D0D9 /* Main.storyboard */ = {
			isa = PBXVariantGroup;
			children = (
				8D09ECE020A2AF820075D0D9 /* Base */,
			);
			name = Main.storyboard;
			sourceTree = "<group>";
		};
		8D09ECE420A2AF840075D0D9 /* LaunchScreen.storyboard */ = {
			isa = PBXVariantGroup;
			children = (
				8D09ECE520A2AF840075D0D9 /* Base */,
			);
			name = LaunchScreen.storyboard;
			sourceTree = "<group>";
		};
/* End PBXVariantGroup section */

/* Begin XCBuildConfiguration section */
		8D09ECF320A2AF840075D0D9 /* Debug */ = {
			isa = XCBuildConfiguration;
			buildSettings = {
				ALWAYS_SEARCH_USER_PATHS = NO;
				CLANG_ANALYZER_NONNULL = YES;
				CLANG_ANALYZER_NUMBER_OBJECT_CONVERSION = YES_AGGRESSIVE;
				CLANG_CXX_LANGUAGE_STANDARD = "gnu++14";
				CLANG_CXX_LIBRARY = "libc++";
				CLANG_ENABLE_MODULES = YES;
				CLANG_ENABLE_OBJC_ARC = YES;
				CLANG_ENABLE_OBJC_WEAK = YES;
				CLANG_WARN_BLOCK_CAPTURE_AUTORELEASING = YES;
				CLANG_WARN_BOOL_CONVERSION = YES;
				CLANG_WARN_COMMA = YES;
				CLANG_WARN_CONSTANT_CONVERSION = YES;
				CLANG_WARN_DEPRECATED_OBJC_IMPLEMENTATIONS = YES;
				CLANG_WARN_DIRECT_OBJC_ISA_USAGE = YES_ERROR;
				CLANG_WARN_DOCUMENTATION_COMMENTS = YES;
				CLANG_WARN_EMPTY_BODY = YES;
				CLANG_WARN_ENUM_CONVERSION = YES;
				CLANG_WARN_INFINITE_RECURSION = YES;
				CLANG_WARN_INT_CONVERSION = YES;
				CLANG_WARN_NON_LITERAL_NULL_CONVERSION = YES;
				CLANG_WARN_OBJC_IMPLICIT_RETAIN_SELF = YES;
				CLANG_WARN_OBJC_LITERAL_CONVERSION = YES;
				CLANG_WARN_OBJC_ROOT_CLASS = YES_ERROR;
				CLANG_WARN_RANGE_LOOP_ANALYSIS = YES;
				CLANG_WARN_STRICT_PROTOTYPES = YES;
				CLANG_WARN_SUSPICIOUS_MOVE = YES;
				CLANG_WARN_UNGUARDED_AVAILABILITY = YES_AGGRESSIVE;
				CLANG_WARN_UNREACHABLE_CODE = YES;
				CLANG_WARN__DUPLICATE_METHOD_MATCH = YES;
				CODE_SIGN_IDENTITY = "iPhone Developer";
				COPY_PHASE_STRIP = NO;
				DEBUG_INFORMATION_FORMAT = dwarf;
				ENABLE_STRICT_OBJC_MSGSEND = YES;
				ENABLE_TESTABILITY = YES;
				GCC_C_LANGUAGE_STANDARD = gnu11;
				GCC_DYNAMIC_NO_PIC = NO;
				GCC_NO_COMMON_BLOCKS = YES;
				GCC_OPTIMIZATION_LEVEL = 0;
				GCC_PREPROCESSOR_DEFINITIONS = (
					"DEBUG=1",
					"$(inherited)",
				);
				GCC_WARN_64_TO_32_BIT_CONVERSION = YES;
				GCC_WARN_ABOUT_RETURN_TYPE = YES_ERROR;
				GCC_WARN_UNDECLARED_SELECTOR = YES;
				GCC_WARN_UNINITIALIZED_AUTOS = YES_AGGRESSIVE;
				GCC_WARN_UNUSED_FUNCTION = YES;
				GCC_WARN_UNUSED_VARIABLE = YES;
				IPHONEOS_DEPLOYMENT_TARGET = 11.3;
				MTL_ENABLE_DEBUG_INFO = YES;
				ONLY_ACTIVE_ARCH = YES;
				SDKROOT = iphoneos;
				SWIFT_ACTIVE_COMPILATION_CONDITIONS = DEBUG;
				SWIFT_OPTIMIZATION_LEVEL = "-Onone";
			};
			name = Debug;
		};
		8D09ECF420A2AF840075D0D9 /* Release */ = {
			isa = XCBuildConfiguration;
			buildSettings = {
				ALWAYS_SEARCH_USER_PATHS = NO;
				CLANG_ANALYZER_NONNULL = YES;
				CLANG_ANALYZER_NUMBER_OBJECT_CONVERSION = YES_AGGRESSIVE;
				CLANG_CXX_LANGUAGE_STANDARD = "gnu++14";
				CLANG_CXX_LIBRARY = "libc++";
				CLANG_ENABLE_MODULES = YES;
				CLANG_ENABLE_OBJC_ARC = YES;
				CLANG_ENABLE_OBJC_WEAK = YES;
				CLANG_WARN_BLOCK_CAPTURE_AUTORELEASING = YES;
				CLANG_WARN_BOOL_CONVERSION = YES;
				CLANG_WARN_COMMA = YES;
				CLANG_WARN_CONSTANT_CONVERSION = YES;
				CLANG_WARN_DEPRECATED_OBJC_IMPLEMENTATIONS = YES;
				CLANG_WARN_DIRECT_OBJC_ISA_USAGE = YES_ERROR;
				CLANG_WARN_DOCUMENTATION_COMMENTS = YES;
				CLANG_WARN_EMPTY_BODY = YES;
				CLANG_WARN_ENUM_CONVERSION = YES;
				CLANG_WARN_INFINITE_RECURSION = YES;
				CLANG_WARN_INT_CONVERSION = YES;
				CLANG_WARN_NON_LITERAL_NULL_CONVERSION = YES;
				CLANG_WARN_OBJC_IMPLICIT_RETAIN_SELF = YES;
				CLANG_WARN_OBJC_LITERAL_CONVERSION = YES;
				CLANG_WARN_OBJC_ROOT_CLASS = YES_ERROR;
				CLANG_WARN_RANGE_LOOP_ANALYSIS = YES;
				CLANG_WARN_STRICT_PROTOTYPES = YES;
				CLANG_WARN_SUSPICIOUS_MOVE = YES;
				CLANG_WARN_UNGUARDED_AVAILABILITY = YES_AGGRESSIVE;
				CLANG_WARN_UNREACHABLE_CODE = YES;
				CLANG_WARN__DUPLICATE_METHOD_MATCH = YES;
				CODE_SIGN_IDENTITY = "iPhone Developer";
				COPY_PHASE_STRIP = NO;
				DEBUG_INFORMATION_FORMAT = "dwarf-with-dsym";
				ENABLE_NS_ASSERTIONS = NO;
				ENABLE_STRICT_OBJC_MSGSEND = YES;
				GCC_C_LANGUAGE_STANDARD = gnu11;
				GCC_NO_COMMON_BLOCKS = YES;
				GCC_WARN_64_TO_32_BIT_CONVERSION = YES;
				GCC_WARN_ABOUT_RETURN_TYPE = YES_ERROR;
				GCC_WARN_UNDECLARED_SELECTOR = YES;
				GCC_WARN_UNINITIALIZED_AUTOS = YES_AGGRESSIVE;
				GCC_WARN_UNUSED_FUNCTION = YES;
				GCC_WARN_UNUSED_VARIABLE = YES;
				IPHONEOS_DEPLOYMENT_TARGET = 11.3;
				MTL_ENABLE_DEBUG_INFO = NO;
				SDKROOT = iphoneos;
				SWIFT_COMPILATION_MODE = wholemodule;
				SWIFT_OPTIMIZATION_LEVEL = "-O";
				VALIDATE_PRODUCT = YES;
			};
			name = Release;
		};
		8D09ECF620A2AF840075D0D9 /* Debug */ = {
			isa = XCBuildConfiguration;
			baseConfigurationReference = AC9D21EF2876A08BFE093AF8 /* Pods-Stocks.debug.xcconfig */;
			buildSettings = {
				ASSETCATALOG_COMPILER_APPICON_NAME = AppIcon;
				CODE_SIGN_STYLE = Automatic;
				DEVELOPMENT_TEAM = 8A6B2WYGTK;
				INFOPLIST_FILE = Stocks/Info.plist;
				LD_RUNPATH_SEARCH_PATHS = (
					"$(inherited)",
					"@executable_path/Frameworks",
				);
				PRODUCT_BUNDLE_IDENTIFIER = com.example.Stocks;
				PRODUCT_NAME = "$(TARGET_NAME)";
				SWIFT_VERSION = 4.0;
				TARGETED_DEVICE_FAMILY = "1,2";
			};
			name = Debug;
		};
		8D09ECF720A2AF840075D0D9 /* Release */ = {
			isa = XCBuildConfiguration;
			baseConfigurationReference = B099547AA6C113A020ED2BCF /* Pods-Stocks.release.xcconfig */;
			buildSettings = {
				ASSETCATALOG_COMPILER_APPICON_NAME = AppIcon;
				CODE_SIGN_STYLE = Automatic;
				DEVELOPMENT_TEAM = 8A6B2WYGTK;
				INFOPLIST_FILE = Stocks/Info.plist;
				LD_RUNPATH_SEARCH_PATHS = (
					"$(inherited)",
					"@executable_path/Frameworks",
				);
				PRODUCT_BUNDLE_IDENTIFIER = com.example.Stocks;
				PRODUCT_NAME = "$(TARGET_NAME)";
				SWIFT_VERSION = 4.0;
				TARGETED_DEVICE_FAMILY = "1,2";
			};
			name = Release;
		};
		8D09ECF920A2AF840075D0D9 /* Debug */ = {
			isa = XCBuildConfiguration;
			baseConfigurationReference = 174D416D08B51F9377FBE741 /* Pods-StocksTests.debug.xcconfig */;
			buildSettings = {
				ALWAYS_EMBED_SWIFT_STANDARD_LIBRARIES = YES;
				BUNDLE_LOADER = "$(TEST_HOST)";
				CODE_SIGN_STYLE = Automatic;
				DEVELOPMENT_TEAM = 36VZRAV85P;
				INFOPLIST_FILE = StocksTests/Info.plist;
				LD_RUNPATH_SEARCH_PATHS = (
					"$(inherited)",
					"@executable_path/Frameworks",
					"@loader_path/Frameworks",
				);
				PRODUCT_BUNDLE_IDENTIFIER = com.example.StocksTests;
				PRODUCT_NAME = "$(TARGET_NAME)";
				SWIFT_VERSION = 4.0;
				TARGETED_DEVICE_FAMILY = "1,2";
				TEST_HOST = "$(BUILT_PRODUCTS_DIR)/Stocks.app/Stocks";
			};
			name = Debug;
		};
		8D09ECFA20A2AF840075D0D9 /* Release */ = {
			isa = XCBuildConfiguration;
			baseConfigurationReference = 8A009C52D4BFF3DC9FEBDFB9 /* Pods-StocksTests.release.xcconfig */;
			buildSettings = {
				ALWAYS_EMBED_SWIFT_STANDARD_LIBRARIES = YES;
				BUNDLE_LOADER = "$(TEST_HOST)";
				CODE_SIGN_STYLE = Automatic;
				DEVELOPMENT_TEAM = 36VZRAV85P;
				INFOPLIST_FILE = StocksTests/Info.plist;
				LD_RUNPATH_SEARCH_PATHS = (
					"$(inherited)",
					"@executable_path/Frameworks",
					"@loader_path/Frameworks",
				);
				PRODUCT_BUNDLE_IDENTIFIER = com.example.StocksTests;
				PRODUCT_NAME = "$(TARGET_NAME)";
				SWIFT_VERSION = 4.0;
				TARGETED_DEVICE_FAMILY = "1,2";
				TEST_HOST = "$(BUILT_PRODUCTS_DIR)/Stocks.app/Stocks";
			};
			name = Release;
		};
/* End XCBuildConfiguration section */

/* Begin XCConfigurationList section */
		8D09ECD320A2AF820075D0D9 /* Build configuration list for PBXProject "Stocks" */ = {
			isa = XCConfigurationList;
			buildConfigurations = (
				8D09ECF320A2AF840075D0D9 /* Debug */,
				8D09ECF420A2AF840075D0D9 /* Release */,
			);
			defaultConfigurationIsVisible = 0;
			defaultConfigurationName = Release;
		};
		8D09ECF520A2AF840075D0D9 /* Build configuration list for PBXNativeTarget "Stocks" */ = {
			isa = XCConfigurationList;
			buildConfigurations = (
				8D09ECF620A2AF840075D0D9 /* Debug */,
				8D09ECF720A2AF840075D0D9 /* Release */,
			);
			defaultConfigurationIsVisible = 0;
			defaultConfigurationName = Release;
		};
		8D09ECF820A2AF840075D0D9 /* Build configuration list for PBXNativeTarget "StocksTests" */ = {
			isa = XCConfigurationList;
			buildConfigurations = (
				8D09ECF920A2AF840075D0D9 /* Debug */,
				8D09ECFA20A2AF840075D0D9 /* Release */,
			);
			defaultConfigurationIsVisible = 0;
			defaultConfigurationName = Release;
		};
/* End XCConfigurationList section */
	};
	rootObject = 8D09ECD020A2AF820075D0D9 /* Project object */;
}
